// !$*UTF8*$!
{
	archiveVersion = 1;
	classes = {
	};
	objectVersion = 56;
	objects = {

/* Begin PBXBuildFile section */
		747A0DC82C6E2F0300489386 /* AppDelegate.swift in Sources */ = {isa = PBXBuildFile; fileRef = 747A0DC72C6E2F0300489386 /* AppDelegate.swift */; };
		747A0DCA2C6E2F0300489386 /* SceneDelegate.swift in Sources */ = {isa = PBXBuildFile; fileRef = 747A0DC92C6E2F0300489386 /* SceneDelegate.swift */; };
		747A0DCC2C6E2F0300489386 /* ViewController.swift in Sources */ = {isa = PBXBuildFile; fileRef = 747A0DCB2C6E2F0300489386 /* ViewController.swift */; };
		747A0DCF2C6E2F0300489386 /* Main.storyboard in Resources */ = {isa = PBXBuildFile; fileRef = 747A0DCD2C6E2F0300489386 /* Main.storyboard */; };
		747A0DD12C6E2F0600489386 /* Assets.xcassets in Resources */ = {isa = PBXBuildFile; fileRef = 747A0DD02C6E2F0600489386 /* Assets.xcassets */; };
		747A0DD42C6E2F0600489386 /* LaunchScreen.storyboard in Resources */ = {isa = PBXBuildFile; fileRef = 747A0DD22C6E2F0600489386 /* LaunchScreen.storyboard */; };
/* End PBXBuildFile section */

/* Begin PBXFileReference section */
		747A0DC42C6E2F0300489386 /* ManzhosovAV_HW2.1.1.app */ = {isa = PBXFileReference; explicitFileType = wrapper.application; includeInIndex = 0; path = ManzhosovAV_HW2.1.1.app; sourceTree = BUILT_PRODUCTS_DIR; };
		747A0DC72C6E2F0300489386 /* AppDelegate.swift */ = {isa = PBXFileReference; lastKnownFileType = sourcecode.swift; path = AppDelegate.swift; sourceTree = "<group>"; };
		747A0DC92C6E2F0300489386 /* SceneDelegate.swift */ = {isa = PBXFileReference; lastKnownFileType = sourcecode.swift; path = SceneDelegate.swift; sourceTree = "<group>"; };
		747A0DCB2C6E2F0300489386 /* ViewController.swift */ = {isa = PBXFileReference; lastKnownFileType = sourcecode.swift; path = ViewController.swift; sourceTree = "<group>"; };
		747A0DCE2C6E2F0300489386 /* Base */ = {isa = PBXFileReference; lastKnownFileType = file.storyboard; name = Base; path = Base.lproj/Main.storyboard; sourceTree = "<group>"; };
		747A0DD02C6E2F0600489386 /* Assets.xcassets */ = {isa = PBXFileReference; lastKnownFileType = folder.assetcatalog; path = Assets.xcassets; sourceTree = "<group>"; };
		747A0DD32C6E2F0600489386 /* Base */ = {isa = PBXFileReference; lastKnownFileType = file.storyboard; name = Base; path = Base.lproj/LaunchScreen.storyboard; sourceTree = "<group>"; };
		747A0DD52C6E2F0600489386 /* Info.plist */ = {isa = PBXFileReference; lastKnownFileType = text.plist.xml; path = Info.plist; sourceTree = "<group>"; };
/* End PBXFileReference section */

/* Begin PBXFrameworksBuildPhase section */
		747A0DC12C6E2F0300489386 /* Frameworks */ = {
			isa = PBXFrameworksBuildPhase;
			buildActionMask = 2147483647;
			files = (
			);
			runOnlyForDeploymentPostprocessing = 0;
		};
/* End PBXFrameworksBuildPhase section */

/* Begin PBXGroup section */
		747A0DBB2C6E2F0300489386 = {
			isa = PBXGroup;
			children = (
				747A0DC62C6E2F0300489386 /* ManzhosovAV_HW2.1.1 */,
				747A0DC52C6E2F0300489386 /* Products */,
			);
			sourceTree = "<group>";
		};
		747A0DC52C6E2F0300489386 /* Products */ = {
			isa = PBXGroup;
			children = (
				747A0DC42C6E2F0300489386 /* ManzhosovAV_HW2.1.1.app */,
			);
			name = Products;
			sourceTree = "<group>";
		};
		747A0DC62C6E2F0300489386 /* ManzhosovAV_HW2.1.1 */ = {
			isa = PBXGroup;
			children = (
				747A0DC72C6E2F0300489386 /* AppDelegate.swift */,
				747A0DC92C6E2F0300489386 /* SceneDelegate.swift */,
				747A0DCB2C6E2F0300489386 /* ViewController.swift */,
				747A0DCD2C6E2F0300489386 /* Main.storyboard */,
				747A0DD02C6E2F0600489386 /* Assets.xcassets */,
				747A0DD22C6E2F0600489386 /* LaunchScreen.storyboard */,
				747A0DD52C6E2F0600489386 /* Info.plist */,
			);
			path = ManzhosovAV_HW2.1.1;
			sourceTree = "<group>";
		};
/* End PBXGroup section */

/* Begin PBXNativeTarget section */
		747A0DC32C6E2F0300489386 /* ManzhosovAV_HW2.1.1 */ = {
			isa = PBXNativeTarget;
			buildConfigurationList = 747A0DD82C6E2F0600489386 /* Build configuration list for PBXNativeTarget "ManzhosovAV_HW2.1.1" */;
			buildPhases = (
				747A0DC02C6E2F0300489386 /* Sources */,
				747A0DC12C6E2F0300489386 /* Frameworks */,
				747A0DC22C6E2F0300489386 /* Resources */,
			);
			buildRules = (
			);
			dependencies = (
			);
			name = ManzhosovAV_HW2.1.1;
			productName = ManzhosovAV_HW2.1.1;
			productReference = 747A0DC42C6E2F0300489386 /* ManzhosovAV_HW2.1.1.app */;
			productType = "com.apple.product-type.application";
		};
/* End PBXNativeTarget section */

/* Begin PBXProject section */
		747A0DBC2C6E2F0300489386 /* Project object */ = {
			isa = PBXProject;
			attributes = {
				BuildIndependentTargetsInParallel = 1;
				LastSwiftUpdateCheck = 1420;
				LastUpgradeCheck = 1420;
				TargetAttributes = {
					747A0DC32C6E2F0300489386 = {
						CreatedOnToolsVersion = 14.2;
					};
				};
			};
			buildConfigurationList = 747A0DBF2C6E2F0300489386 /* Build configuration list for PBXProject "ManzhosovAV_HW2.1.1" */;
			compatibilityVersion = "Xcode 14.0";
			developmentRegion = en;
			hasScannedForEncodings = 0;
			knownRegions = (
				en,
				Base,
			);
			mainGroup = 747A0DBB2C6E2F0300489386;
			productRefGroup = 747A0DC52C6E2F0300489386 /* Products */;
			projectDirPath = "";
			projectRoot = "";
			targets = (
				747A0DC32C6E2F0300489386 /* ManzhosovAV_HW2.1.1 */,
			);
		};
/* End PBXProject section */

/* Begin PBXResourcesBuildPhase section */
		747A0DC22C6E2F0300489386 /* Resources */ = {
			isa = PBXResourcesBuildPhase;
			buildActionMask = 2147483647;
			files = (
				747A0DD42C6E2F0600489386 /* LaunchScreen.storyboard in Resources */,
				747A0DD12C6E2F0600489386 /* Assets.xcassets in Resources */,
				747A0DCF2C6E2F0300489386 /* Main.storyboard in Resources */,
			);
			runOnlyForDeploymentPostprocessing = 0;
		};
/* End PBXResourcesBuildPhase section */

/* Begin PBXSourcesBuildPhase section */
		747A0DC02C6E2F0300489386 /* Sources */ = {
			isa = PBXSourcesBuildPhase;
			buildActionMask = 2147483647;
			files = (
				747A0DCC2C6E2F0300489386 /* ViewController.swift in Sources */,
				747A0DC82C6E2F0300489386 /* AppDelegate.swift in Sources */,
				747A0DCA2C6E2F0300489386 /* SceneDelegate.swift in Sources */,
			);
			runOnlyForDeploymentPostprocessing = 0;
		};
/* End PBXSourcesBuildPhase section */

/* Begin PBXVariantGroup section */
		747A0DCD2C6E2F0300489386 /* Main.storyboard */ = {
			isa = PBXVariantGroup;
			children = (
				747A0DCE2C6E2F0300489386 /* Base */,
			);
			name = Main.storyboard;
			sourceTree = "<group>";
		};
		747A0DD22C6E2F0600489386 /* LaunchScreen.storyboard */ = {
			isa = PBXVariantGroup;
			children = (
				747A0DD32C6E2F0600489386 /* Base */,
			);
			name = LaunchScreen.storyboard;
			sourceTree = "<group>";
		};
/* End PBXVariantGroup section */

/* Begin XCBuildConfiguration section */
		747A0DD62C6E2F0600489386 /* Debug */ = {
			isa = XCBuildConfiguration;
			buildSettings = {
				ALWAYS_SEARCH_USER_PATHS = NO;
				CLANG_ANALYZER_NONNULL = YES;
				CLANG_ANALYZER_NUMBER_OBJECT_CONVERSION = YES_AGGRESSIVE;
				CLANG_CXX_LANGUAGE_STANDARD = "gnu++20";
				CLANG_ENABLE_MODULES = YES;
				CLANG_ENABLE_OBJC_ARC = YES;
				CLANG_ENABLE_OBJC_WEAK = YES;
				CLANG_WARN_BLOCK_CAPTURE_AUTORELEASING = YES;
				CLANG_WARN_BOOL_CONVERSION = YES;
				CLANG_WARN_COMMA = YES;
				CLANG_WARN_CONSTANT_CONVERSION = YES;
				CLANG_WARN_DEPRECATED_OBJC_IMPLEMENTATIONS = YES;
				CLANG_WARN_DIRECT_OBJC_ISA_USAGE = YES_ERROR;
				CLANG_WARN_DOCUMENTATION_COMMENTS = YES;
				CLANG_WARN_EMPTY_BODY = YES;
				CLANG_WARN_ENUM_CONVERSION = YES;
				CLANG_WARN_INFINITE_RECURSION = YES;
				CLANG_WARN_INT_CONVERSION = YES;
				CLANG_WARN_NON_LITERAL_NULL_CONVERSION = YES;
				CLANG_WARN_OBJC_IMPLICIT_RETAIN_SELF = YES;
				CLANG_WARN_OBJC_LITERAL_CONVERSION = YES;
				CLANG_WARN_OBJC_ROOT_CLASS = YES_ERROR;
				CLANG_WARN_QUOTED_INCLUDE_IN_FRAMEWORK_HEADER = YES;
				CLANG_WARN_RANGE_LOOP_ANALYSIS = YES;
				CLANG_WARN_STRICT_PROTOTYPES = YES;
				CLANG_WARN_SUSPICIOUS_MOVE = YES;
				CLANG_WARN_UNGUARDED_AVAILABILITY = YES_AGGRESSIVE;
				CLANG_WARN_UNREACHABLE_CODE = YES;
				CLANG_WARN__DUPLICATE_METHOD_MATCH = YES;
				COPY_PHASE_STRIP = NO;
				DEBUG_INFORMATION_FORMAT = dwarf;
				ENABLE_STRICT_OBJC_MSGSEND = YES;
				ENABLE_TESTABILITY = YES;
				GCC_C_LANGUAGE_STANDARD = gnu11;
				GCC_DYNAMIC_NO_PIC = NO;
				GCC_NO_COMMON_BLOCKS = YES;
				GCC_OPTIMIZATION_LEVEL = 0;
				GCC_PREPROCESSOR_DEFINITIONS = (
					"DEBUG=1",
					"$(inherited)",
				);
				GCC_WARN_64_TO_32_BIT_CONVERSION = YES;
				GCC_WARN_ABOUT_RETURN_TYPE = YES_ERROR;
				GCC_WARN_UNDECLARED_SELECTOR = YES;
				GCC_WARN_UNINITIALIZED_AUTOS = YES_AGGRESSIVE;
				GCC_WARN_UNUSED_FUNCTION = YES;
				GCC_WARN_UNUSED_VARIABLE = YES;
				IPHONEOS_DEPLOYMENT_TARGET = 16.2;
				MTL_ENABLE_DEBUG_INFO = INCLUDE_SOURCE;
				MTL_FAST_MATH = YES;
				ONLY_ACTIVE_ARCH = YES;
				SDKROOT = iphoneos;
				SWIFT_ACTIVE_COMPILATION_CONDITIONS = DEBUG;
				SWIFT_OPTIMIZATION_LEVEL = "-Onone";
			};
			name = Debug;
		};
		747A0DD72C6E2F0600489386 /* Release */ = {
			isa = XCBuildConfiguration;
			buildSettings = {
				ALWAYS_SEARCH_USER_PATHS = NO;
				CLANG_ANALYZER_NONNULL = YES;
				CLANG_ANALYZER_NUMBER_OBJECT_CONVERSION = YES_AGGRESSIVE;
				CLANG_CXX_LANGUAGE_STANDARD = "gnu++20";
				CLANG_ENABLE_MODULES = YES;
				CLANG_ENABLE_OBJC_ARC = YES;
				CLANG_ENABLE_OBJC_WEAK = YES;
				CLANG_WARN_BLOCK_CAPTURE_AUTORELEASING = YES;
				CLANG_WARN_BOOL_CONVERSION = YES;
				CLANG_WARN_COMMA = YES;
				CLANG_WARN_CONSTANT_CONVERSION = YES;
				CLANG_WARN_DEPRECATED_OBJC_IMPLEMENTATIONS = YES;
				CLANG_WARN_DIRECT_OBJC_ISA_USAGE = YES_ERROR;
				CLANG_WARN_DOCUMENTATION_COMMENTS = YES;
				CLANG_WARN_EMPTY_BODY = YES;
				CLANG_WARN_ENUM_CONVERSION = YES;
				CLANG_WARN_INFINITE_RECURSION = YES;
				CLANG_WARN_INT_CONVERSION = YES;
				CLANG_WARN_NON_LITERAL_NULL_CONVERSION = YES;
				CLANG_WARN_OBJC_IMPLICIT_RETAIN_SELF = YES;
				CLANG_WARN_OBJC_LITERAL_CONVERSION = YES;
				CLANG_WARN_OBJC_ROOT_CLASS = YES_ERROR;
				CLANG_WARN_QUOTED_INCLUDE_IN_FRAMEWORK_HEADER = YES;
				CLANG_WARN_RANGE_LOOP_ANALYSIS = YES;
				CLANG_WARN_STRICT_PROTOTYPES = YES;
				CLANG_WARN_SUSPICIOUS_MOVE = YES;
				CLANG_WARN_UNGUARDED_AVAILABILITY = YES_AGGRESSIVE;
				CLANG_WARN_UNREACHABLE_CODE = YES;
				CLANG_WARN__DUPLICATE_METHOD_MATCH = YES;
				COPY_PHASE_STRIP = NO;
				DEBUG_INFORMATION_FORMAT = "dwarf-with-dsym";
				ENABLE_NS_ASSERTIONS = NO;
				ENABLE_STRICT_OBJC_MSGSEND = YES;
				GCC_C_LANGUAGE_STANDARD = gnu11;
				GCC_NO_COMMON_BLOCKS = YES;
				GCC_WARN_64_TO_32_BIT_CONVERSION = YES;
				GCC_WARN_ABOUT_RETURN_TYPE = YES_ERROR;
				GCC_WARN_UNDECLARED_SELECTOR = YES;
				GCC_WARN_UNINITIALIZED_AUTOS = YES_AGGRESSIVE;
				GCC_WARN_UNUSED_FUNCTION = YES;
				GCC_WARN_UNUSED_VARIABLE = YES;
				IPHONEOS_DEPLOYMENT_TARGET = 16.2;
				MTL_ENABLE_DEBUG_INFO = NO;
				MTL_FAST_MATH = YES;
				SDKROOT = iphoneos;
				SWIFT_COMPILATION_MODE = wholemodule;
				SWIFT_OPTIMIZATION_LEVEL = "-O";
				VALIDATE_PRODUCT = YES;
			};
			name = Release;
		};
		747A0DD92C6E2F0600489386 /* Debug */ = {
			isa = XCBuildConfiguration;
			buildSettings = {
				ASSETCATALOG_COMPILER_APPICON_NAME = AppIcon;
				ASSETCATALOG_COMPILER_GLOBAL_ACCENT_COLOR_NAME = AccentColor;
				CODE_SIGN_STYLE = Automatic;
				CURRENT_PROJECT_VERSION = 1;
				DEVELOPMENT_TEAM = 7T366N6QTR;
				GENERATE_INFOPLIST_FILE = YES;
				INFOPLIST_FILE = ManzhosovAV_HW2.1.1/Info.plist;
				INFOPLIST_KEY_UIApplicationSupportsIndirectInputEvents = YES;
				INFOPLIST_KEY_UILaunchStoryboardName = LaunchScreen;
				INFOPLIST_KEY_UIMainStoryboardFile = Main;
				INFOPLIST_KEY_UISupportedInterfaceOrientations_iPad = "UIInterfaceOrientationPortrait UIInterfaceOrientationPortraitUpsideDown UIInterfaceOrientationLandscapeLeft UIInterfaceOrientationLandscapeRight";
				INFOPLIST_KEY_UISupportedInterfaceOrientations_iPhone = "UIInterfaceOrientationPortrait UIInterfaceOrientationLandscapeLeft UIInterfaceOrientationLandscapeRight";
				LD_RUNPATH_SEARCH_PATHS = (
					"$(inherited)",
					"@executable_path/Frameworks",
				);
				MARKETING_VERSION = 1.0;
				PRODUCT_BUNDLE_IDENTIFIER = "com.alexandrManzhosov.ManzhosovAV-HW2-1-1";
				PRODUCT_NAME = "$(TARGET_NAME)";
				SWIFT_EMIT_LOC_STRINGS = YES;
				SWIFT_VERSION = 5.0;
				TARGETED_DEVICE_FAMILY = "1,2";
			};
			name = Debug;
		};
		747A0DDA2C6E2F0600489386 /* Release */ = {
			isa = XCBuildConfiguration;
			buildSettings = {
				ASSETCATALOG_COMPILER_APPICON_NAME = AppIcon;
				ASSETCATALOG_COMPILER_GLOBAL_ACCENT_COLOR_NAME = AccentColor;
				CODE_SIGN_STYLE = Automatic;
				CURRENT_PROJECT_VERSION = 1;
				DEVELOPMENT_TEAM = 7T366N6QTR;
				GENERATE_INFOPLIST_FILE = YES;
				INFOPLIST_FILE = ManzhosovAV_HW2.1.1/Info.plist;
				INFOPLIST_KEY_UIApplicationSupportsIndirectInputEvents = YES;
				INFOPLIST_KEY_UILaunchStoryboardName = LaunchScreen;
				INFOPLIST_KEY_UIMainStoryboardFile = Main;
				INFOPLIST_KEY_UISupportedInterfaceOrientations_iPad = "UIInterfaceOrientationPortrait UIInterfaceOrientationPortraitUpsideDown UIInterfaceOrientationLandscapeLeft UIInterfaceOrientationLandscapeRight";
				INFOPLIST_KEY_UISupportedInterfaceOrientations_iPhone = "UIInterfaceOrientationPortrait UIInterfaceOrientationLandscapeLeft UIInterfaceOrientationLandscapeRight";
				LD_RUNPATH_SEARCH_PATHS = (
					"$(inherited)",
					"@executable_path/Frameworks",
				);
				MARKETING_VERSION = 1.0;
				PRODUCT_BUNDLE_IDENTIFIER = "com.alexandrManzhosov.ManzhosovAV-HW2-1-1";
				PRODUCT_NAME = "$(TARGET_NAME)";
				SWIFT_EMIT_LOC_STRINGS = YES;
				SWIFT_VERSION = 5.0;
				TARGETED_DEVICE_FAMILY = "1,2";
			};
			name = Release;
		};
/* End XCBuildConfiguration section */

/* Begin XCConfigurationList section */
		747A0DBF2C6E2F0300489386 /* Build configuration list for PBXProject "ManzhosovAV_HW2.1.1" */ = {
			isa = XCConfigurationList;
			buildConfigurations = (
				747A0DD62C6E2F0600489386 /* Debug */,
				747A0DD72C6E2F0600489386 /* Release */,
			);
			defaultConfigurationIsVisible = 0;
			defaultConfigurationName = Release;
		};
		747A0DD82C6E2F0600489386 /* Build configuration list for PBXNativeTarget "ManzhosovAV_HW2.1.1" */ = {
			isa = XCConfigurationList;
			buildConfigurations = (
				747A0DD92C6E2F0600489386 /* Debug */,
				747A0DDA2C6E2F0600489386 /* Release */,
			);
			defaultConfigurationIsVisible = 0;
			defaultConfigurationName = Release;
		};
/* End XCConfigurationList section */
	};
	rootObject = 747A0DBC2C6E2F0300489386 /* Project object */;
}
